
Microsoft Visual Studio Solution File, Format Version 12.00
# Visual Studio Version 16
VisualStudioVersion = 16.0.32428.217
MinimumVisualStudioVersion = 10.0.40219.1
Project("{FAE04EC0-301F-11D3-BF4B-00C04F79EFBC}") = "YoklamaKayit", "YoklamaKayit\YoklamaKayit.csproj", "{1BE9CBC2-1CA2-4714-8EB7-789A8584D642}"
EndProject
Global
	GlobalSection(SolutionConfigurationPlatforms) = preSolution
		Debug|Any CPU = Debug|Any CPU
		Release|Any CPU = Release|Any CPU
	EndGlobalSection
	GlobalSection(ProjectConfigurationPlatforms) = postSolution
		{1BE9CBC2-1CA2-4714-8EB7-789A8584D642}.Debug|Any CPU.ActiveCfg = Debug|Any CPU
		{1BE9CBC2-1CA2-4714-8EB7-789A8584D642}.Debug|Any CPU.Build.0 = Debug|Any CPU
		{1BE9CBC2-1CA2-4714-8EB7-789A8584D642}.Release|Any CPU.ActiveCfg = Release|Any CPU
		{1BE9CBC2-1CA2-4714-8EB7-789A8584D642}.Release|Any CPU.Build.0 = Release|Any CPU
	EndGlobalSection
	GlobalSection(SolutionProperties) = preSolution
		HideSolutionNode = FALSE
	EndGlobalSection
	GlobalSection(ExtensibilityGlobals) = postSolution
		SolutionGuid = {AF33F8D7-73EF-433B-AA42-3828DADF41B5}
	EndGlobalSection
EndGlobal
